
Microsoft Visual Studio Solution File, Format Version 12.00
Project("{FAE04EC0-301F-11D3-BF4B-00C04F79EFBC}") = "HeavenlyHR", "HeavenlyHR.csproj", "{F72645F4-77BA-40CE-BAD8-169739CDE37D}"
EndProject
Global
	GlobalSection(SolutionConfigurationPlatforms) = preSolution
		Debug|Any CPU = Debug|Any CPU
		Release|Any CPU = Release|Any CPU
	EndGlobalSection
	GlobalSection(ProjectConfigurationPlatforms) = postSolution
		{F72645F4-77BA-40CE-BAD8-169739CDE37D}.Debug|Any CPU.ActiveCfg = Debug|Any CPU
		{F72645F4-77BA-40CE-BAD8-169739CDE37D}.Debug|Any CPU.Build.0 = Debug|Any CPU
		{F72645F4-77BA-40CE-BAD8-169739CDE37D}.Release|Any CPU.ActiveCfg = Release|Any CPU
		{F72645F4-77BA-40CE-BAD8-169739CDE37D}.Release|Any CPU.Build.0 = Release|Any CPU
	EndGlobalSection
EndGlobal
